
Microsoft Visual Studio Solution File, Format Version 12.00
# Visual Studio 2012
Project("{FAE04EC0-301F-11D3-BF4B-00C04F79EFBC}") = "Site", "Site\Site.csproj", "{F41E9B5E-F891-41F7-B55A-CB7BE7B4251A}"
EndProject
Project("{FAE04EC0-301F-11D3-BF4B-00C04F79EFBC}") = "Dal", "Dal\Dal.csproj", "{00C57D0B-1151-4091-9EE6-DAD412A52871}"
EndProject
Global
	GlobalSection(SolutionConfigurationPlatforms) = preSolution
		Debug|Any CPU = Debug|Any CPU
		Release|Any CPU = Release|Any CPU
	EndGlobalSection
	GlobalSection(ProjectConfigurationPlatforms) = postSolution
		{F41E9B5E-F891-41F7-B55A-CB7BE7B4251A}.Debug|Any CPU.ActiveCfg = Debug|Any CPU
		{F41E9B5E-F891-41F7-B55A-CB7BE7B4251A}.Debug|Any CPU.Build.0 = Debug|Any CPU
		{F41E9B5E-F891-41F7-B55A-CB7BE7B4251A}.Release|Any CPU.ActiveCfg = Release|Any CPU
		{F41E9B5E-F891-41F7-B55A-CB7BE7B4251A}.Release|Any CPU.Build.0 = Release|Any CPU
		{00C57D0B-1151-4091-9EE6-DAD412A52871}.Debug|Any CPU.ActiveCfg = Debug|Any CPU
		{00C57D0B-1151-4091-9EE6-DAD412A52871}.Debug|Any CPU.Build.0 = Debug|Any CPU
		{00C57D0B-1151-4091-9EE6-DAD412A52871}.Release|Any CPU.ActiveCfg = Release|Any CPU
		{00C57D0B-1151-4091-9EE6-DAD412A52871}.Release|Any CPU.Build.0 = Release|Any CPU
	EndGlobalSection
	GlobalSection(SolutionProperties) = preSolution
		HideSolutionNode = FALSE
	EndGlobalSection
EndGlobal
